{
  "version": 4,
  "terraform_version": "0.12.2",
  "serial": 164,
  "lineage": "18a59758-c14a-1b0b-8072-57c0d0a7eba1",
  "outputs": {
    "endpoint1": {
      "value": "35.233.94.57",
      "type": "string"
    },
    "endpoint2": {
      "value": "104.199.82.74",
      "type": "string"
    }
  },
  "resources": [
    {
      "module": "module.firewall",
      "mode": "managed",
      "type": "google_compute_firewall",
      "name": "firewalli-ext",
      "provider": "provider.google",
      "instances": [
        {
          "schema_version": 1,
          "attributes": {
            "allow": [
              {
                "ports": [
                  "22",
                  "8443",
                  "80",
                  "443",
                  "8080"
                ],
                "protocol": "tcp"
              },
              {
                "ports": [],
                "protocol": "icmp"
              }
            ],
            "creation_timestamp": "2019-07-09T06:55:39.876-07:00",
            "deny": [],
            "description": "",
            "destination_ranges": [],
            "direction": "INGRESS",
            "disabled": false,
            "id": "dev-vpc--firewall-ext",
            "name": "dev-vpc--firewall-ext",
            "network": "https://www.googleapis.com/compute/v1/projects/psyched-bonito-231114/global/networks/dev-vpc",
            "priority": 1000,
            "project": "psyched-bonito-231114",
            "self_link": "https://www.googleapis.com/compute/v1/projects/psyched-bonito-231114/global/firewalls/dev-vpc--firewall-ext",
            "source_ranges": [
              "0.0.0.0/0"
            ],
            "source_service_accounts": null,
            "source_tags": null,
            "target_service_accounts": null,
            "target_tags": [
              "firstcluster"
            ],
            "timeouts": null
          },
          "private": "eyJlMmJmYjczMC1lY2FhLTExZTYtOGY4OC0zNDM2M2JjN2M0YzAiOnsiY3JlYXRlIjoyNDAwMDAwMDAwMDAsImRlbGV0ZSI6MjQwMDAwMDAwMDAwLCJ1cGRhdGUiOjI0MDAwMDAwMDAwMH0sInNjaGVtYV92ZXJzaW9uIjoiMSJ9"
        }
      ]
    },
    {
      "module": "module.firewall",
      "mode": "managed",
      "type": "google_compute_firewall",
      "name": "firewalli-int",
      "provider": "provider.google",
      "instances": [
        {
          "schema_version": 1,
          "attributes": {
            "allow": [
              {
                "ports": [],
                "protocol": "icmp"
              },
              {
                "ports": [],
                "protocol": "tcp"
              },
              {
                "ports": [],
                "protocol": "udp"
              }
            ],
            "creation_timestamp": "2019-07-09T06:55:40.093-07:00",
            "deny": [],
            "description": "",
            "destination_ranges": [],
            "direction": "INGRESS",
            "disabled": false,
            "id": "dev-vpc-firewall-int",
            "name": "dev-vpc-firewall-int",
            "network": "https://www.googleapis.com/compute/v1/projects/psyched-bonito-231114/global/networks/dev-vpc",
            "priority": 1000,
            "project": "psyched-bonito-231114",
            "self_link": "https://www.googleapis.com/compute/v1/projects/psyched-bonito-231114/global/firewalls/dev-vpc-firewall-int",
            "source_ranges": [
              "10.10.0.0/24",
              "10.20.0.0/24"
            ],
            "source_service_accounts": null,
            "source_tags": null,
            "target_service_accounts": null,
            "target_tags": [
              "firstcluster",
              "secondcluster"
            ],
            "timeouts": null
          },
          "private": "eyJlMmJmYjczMC1lY2FhLTExZTYtOGY4OC0zNDM2M2JjN2M0YzAiOnsiY3JlYXRlIjoyNDAwMDAwMDAwMDAsImRlbGV0ZSI6MjQwMDAwMDAwMDAwLCJ1cGRhdGUiOjI0MDAwMDAwMDAwMH0sInNjaGVtYV92ZXJzaW9uIjoiMSJ9"
        }
      ]
    },
    {
      "module": "module.vpc",
      "mode": "managed",
      "type": "google_compute_network",
      "name": "vpc",
      "provider": "provider.google",
      "instances": [
        {
          "schema_version": 0,
          "attributes": {
            "auto_create_subnetworks": false,
            "delete_default_routes_on_create": false,
            "description": "",
            "gateway_ipv4": "",
            "id": "dev-vpc",
            "ipv4_range": "",
            "name": "dev-vpc",
            "project": "psyched-bonito-231114",
            "routing_mode": "REGIONAL",
            "self_link": "https://www.googleapis.com/compute/v1/projects/psyched-bonito-231114/global/networks/dev-vpc",
            "timeouts": null
          }
        }
      ]
    },
    {
      "module": "module.subnet",
      "mode": "managed",
      "type": "google_compute_subnetwork",
      "name": "subnet1",
      "provider": "provider.google",
      "instances": [
        {
          "schema_version": 0,
          "attributes": {
            "creation_timestamp": "2019-07-09T06:55:39.992-07:00",
            "description": "",
            "enable_flow_logs": false,
            "fingerprint": "294x0LROS2Q=",
            "gateway_address": "10.10.0.1",
            "id": "europe-west1/dev-vpc-subnet1",
            "ip_cidr_range": "10.10.0.0/24",
            "name": "dev-vpc-subnet1",
            "network": "https://www.googleapis.com/compute/v1/projects/psyched-bonito-231114/global/networks/dev-vpc",
            "private_ip_google_access": false,
            "project": "psyched-bonito-231114",
            "region": "europe-west1",
            "secondary_ip_range": [],
            "self_link": "https://www.googleapis.com/compute/v1/projects/psyched-bonito-231114/regions/europe-west1/subnetworks/dev-vpc-subnet1",
            "timeouts": null
          },
          "private": "eyJlMmJmYjczMC1lY2FhLTExZTYtOGY4OC0zNDM2M2JjN2M0YzAiOnsiY3JlYXRlIjozNjAwMDAwMDAwMDAsImRlbGV0ZSI6MzYwMDAwMDAwMDAwLCJ1cGRhdGUiOjM2MDAwMDAwMDAwMH19"
        }
      ]
    },
    {
      "module": "module.subnet",
      "mode": "managed",
      "type": "google_compute_subnetwork",
      "name": "subnet2",
      "provider": "provider.google",
      "instances": [
        {
          "schema_version": 0,
          "attributes": {
            "creation_timestamp": "2019-07-09T06:55:40.006-07:00",
            "description": "",
            "enable_flow_logs": false,
            "fingerprint": "bx_1Yx8xQGU=",
            "gateway_address": "10.20.0.1",
            "id": "europe-west1/dev-vpc-subnet2",
            "ip_cidr_range": "10.20.0.0/24",
            "name": "dev-vpc-subnet2",
            "network": "https://www.googleapis.com/compute/v1/projects/psyched-bonito-231114/global/networks/dev-vpc",
            "private_ip_google_access": false,
            "project": "psyched-bonito-231114",
            "region": "europe-west1",
            "secondary_ip_range": [],
            "self_link": "https://www.googleapis.com/compute/v1/projects/psyched-bonito-231114/regions/europe-west1/subnetworks/dev-vpc-subnet2",
            "timeouts": null
          },
          "private": "eyJlMmJmYjczMC1lY2FhLTExZTYtOGY4OC0zNDM2M2JjN2M0YzAiOnsiY3JlYXRlIjozNjAwMDAwMDAwMDAsImRlbGV0ZSI6MzYwMDAwMDAwMDAwLCJ1cGRhdGUiOjM2MDAwMDAwMDAwMH19"
        }
      ]
    },
    {
      "mode": "managed",
      "type": "google_container_cluster",
      "name": "primary",
      "provider": "provider.google",
      "instances": [
        {
          "schema_version": 1,
          "attributes": {
            "additional_zones": [],
            "addons_config": [
              {
                "horizontal_pod_autoscaling": [],
                "http_load_balancing": [],
                "kubernetes_dashboard": [
                  {
                    "disabled": true
                  }
                ],
                "network_policy_config": [
                  {
                    "disabled": true
                  }
                ]
              }
            ],
            "cluster_autoscaling": [],
            "cluster_ipv4_cidr": "10.24.0.0/14",
            "description": "",
            "enable_binary_authorization": null,
            "enable_intranode_visibility": null,
            "enable_kubernetes_alpha": false,
            "enable_legacy_abac": false,
            "enable_tpu": null,
            "endpoint": "35.233.94.57",
            "id": "firstgke",
            "initial_node_count": 2,
            "instance_group_urls": [],
            "ip_allocation_policy": [],
            "location": "europe-west1-b",
            "logging_service": "logging.googleapis.com",
            "maintenance_policy": [],
            "master_auth": [
              {
                "client_certificate": "",
                "client_certificate_config": [
                  {
                    "issue_client_certificate": false
                  }
                ],
                "client_key": "",
                "cluster_ca_certificate": "LS0tLS1CRUdJTiBDRVJUSUZJQ0FURS0tLS0tCk1JSURDekNDQWZPZ0F3SUJBZ0lRWXJlOXdSeTFLZmwrUXJBRis5V3FBakFOQmdrcWhraUc5dzBCQVFzRkFEQXYKTVMwd0t3WURWUVFERXlRMk5qaGpOek15T1MweU1URTNMVFJrWXpBdE9XUmpZUzFqWW1FeU16SmhOVFprWkdVdwpIaGNOTVRrd056QTVNVEkxTmpBMldoY05NalF3TnpBM01UTTFOakEyV2pBdk1TMHdLd1lEVlFRREV5UTJOamhqCk56TXlPUzB5TVRFM0xUUmtZekF0T1dSallTMWpZbUV5TXpKaE5UWmtaR1V3Z2dFaU1BMEdDU3FHU0liM0RRRUIKQVFVQUE0SUJEd0F3Z2dFS0FvSUJBUURiV3UxR2FXUVFxWDJwREN3T1UvSWNyNVg4RmhlemVMRGNQY1VyRWl4NQp3RzVCcUxkakUxdGIya3hhMnBvWXpIODRCSENGczc2S1BjM3RrWnVqbUhTOG1HdUxvT2l6eGdyUXdsaEJiTTMzCjRZQkZHdmtMWWhiQk1mWFpld2Zmc2NNOUZQOE5uT1R4aG9sUkhBQTNGSGxpaUwwK0Z5RDVLbStwdzVFRUthMU8KQUoxTVJTT3IvWGc0MlZuT0huTTF5T09SNG1JeTFQZkI2cmEzQkpNdG5zczY5c2hTeFN6dDhYcU9wUGVIVjVhcAp1NHB0YXdHamdHTVNJRVBlYko1VFc2OEc5U09BWlRZUGZtN3Z3SUtvZ2R5NVZvSTNSWVNKYTZPMW1MTWtjdm52Cjkwb3M1N0tJRGFPbVhhNDlKa0c0ZldzNjJWbkVzOU02YkxkVFp0NVpjdXN2QWdNQkFBR2pJekFoTUE0R0ExVWQKRHdFQi93UUVBd0lDQkRBUEJnTlZIUk1CQWY4RUJUQURBUUgvTUEwR0NTcUdTSWIzRFFFQkN3VUFBNElCQVFCQQpoTnFZOEpGeXJyejlzWWJZTGRmSFh1QlVnaFk0c2o5VGdybDRmNzBWejh0TDM1S3JDWFJOSnpWd3VNcThUeWpOCndiSVZqY2d3ZTN4d2hnaEhabE1sL1lqQjBwbkV3V2hLMmEwVmZNUVdqY2Q1OVlTRFFiTmtsaWlVeEU0SmNFOXIKNW1CbjRwSmVPbUhhYW5IaG9WaTEyY2htMW9TbGd2ZDZmMWxmWlNDSUlmNWVoSnNaWDNydm1Ia3VCY0pqb09Rcgo0NGh2Z2kwVW84c2FQV1U5MEh5cWMzRGR2SHV5bjJVb3pxeDFlUUpHbFc0M21aQzI3YU1MVFRtOVd0RGR5dXM3CkVMZVZHdldwenJIMTNDNDczZnFXL2k4cktMYjVCYmJXblJZSEdRbnpUM1IrdXdkb3RNVVpwaDg2T2w5Q1h1WGMKNVBsOC9XdGl6Rk5ldGpqQWRPKzgKLS0tLS1FTkQgQ0VSVElGSUNBVEUtLS0tLQo=",
                "password": "",
                "username": ""
              }
            ],
            "master_authorized_networks_config": [],
            "master_version": "1.12.8-gke.10",
            "min_master_version": null,
            "monitoring_service": "monitoring.googleapis.com",
            "name": "firstgke",
            "network": "projects/psyched-bonito-231114/global/networks/dev-vpc",
            "network_policy": [
              {
                "enabled": false,
                "provider": "PROVIDER_UNSPECIFIED"
              }
            ],
            "node_config": [],
            "node_locations": [],
            "node_pool": [],
            "node_version": "1.12.8-gke.10",
            "pod_security_policy_config": [],
            "private_cluster_config": [],
            "project": "psyched-bonito-231114",
            "region": null,
            "remove_default_node_pool": true,
            "resource_labels": null,
            "services_ipv4_cidr": "10.27.240.0/20",
            "subnetwork": "projects/psyched-bonito-231114/regions/europe-west1/subnetworks/dev-vpc-subnet1",
            "timeouts": null,
            "zone": "europe-west1-b"
          },
          "private": "eyJlMmJmYjczMC1lY2FhLTExZTYtOGY4OC0zNDM2M2JjN2M0YzAiOnsiY3JlYXRlIjoxODAwMDAwMDAwMDAwLCJkZWxldGUiOjE4MDAwMDAwMDAwMDAsInVwZGF0ZSI6MzYwMDAwMDAwMDAwMH0sInNjaGVtYV92ZXJzaW9uIjoiMSJ9",
          "depends_on": [
            "google_project_service.kubernetes",
            "module.subnet",
            "module.vpc"
          ]
        }
      ]
    },
    {
      "mode": "managed",
      "type": "google_container_cluster",
      "name": "secondary",
      "provider": "provider.google-beta",
      "instances": [
        {
          "schema_version": 1,
          "attributes": {
            "additional_zones": [],
            "addons_config": [
              {
                "cloudrun_config": [],
                "horizontal_pod_autoscaling": [],
                "http_load_balancing": [],
                "istio_config": [],
                "kubernetes_dashboard": [
                  {
                    "disabled": true
                  }
                ],
                "network_policy_config": [
                  {
                    "disabled": true
                  }
                ]
              }
            ],
            "authenticator_groups_config": [],
            "cluster_autoscaling": [
              {
                "enabled": false,
                "resource_limits": []
              }
            ],
            "cluster_ipv4_cidr": "10.56.0.0/14",
            "database_encryption": [
              {
                "key_name": "",
                "state": "DECRYPTED"
              }
            ],
            "default_max_pods_per_node": 110,
            "description": "",
            "enable_binary_authorization": false,
            "enable_intranode_visibility": false,
            "enable_kubernetes_alpha": false,
            "enable_legacy_abac": false,
            "enable_tpu": false,
            "endpoint": "104.199.82.74",
            "id": "secondgke",
            "initial_node_count": 2,
            "instance_group_urls": [],
            "ip_allocation_policy": [],
            "location": "europe-west1-b",
            "logging_service": "logging.googleapis.com",
            "maintenance_policy": [],
            "master_auth": [
              {
                "client_certificate": "",
                "client_certificate_config": [
                  {
                    "issue_client_certificate": false
                  }
                ],
                "client_key": "",
                "cluster_ca_certificate": "LS0tLS1CRUdJTiBDRVJUSUZJQ0FURS0tLS0tCk1JSURDekNDQWZPZ0F3SUJBZ0lRRGhMVVlwZzZaa2d6a0VrSGpjMTBFREFOQmdrcWhraUc5dzBCQVFzRkFEQXYKTVMwd0t3WURWUVFERXlSaFptVTBNREE1TlMwME1XWXdMVFJoT0dNdFlXRXhOQzB6WlRnMU1qVTNOamRoWkRjdwpIaGNOTVRrd056QTVNVEkxTmpBMldoY05NalF3TnpBM01UTTFOakEyV2pBdk1TMHdLd1lEVlFRREV5UmhabVUwCk1EQTVOUzAwTVdZd0xUUmhPR010WVdFeE5DMHpaVGcxTWpVM05qZGhaRGN3Z2dFaU1BMEdDU3FHU0liM0RRRUIKQVFVQUE0SUJEd0F3Z2dFS0FvSUJBUUNrTzZ0cytSSDlMcmlMOHVzRDQ3MVdXYVlsRThEekFJNGFhdTZaUGVaUgo5QXZlSG5pZ1l3ZGRRRTJYTEg4ZlEzcTloWjc4L21qSFVWcXF3ZGtBNEZjU3VxMkk5TmxsTU8yM0NrSm9MdGk5Cmtodk9pMEx4MVl4MiszdjBhTFpSdVp6aFdHajRUek9uQTZNbVdaM2VTWE4vYi9oN1FDeHFlamU1Z3JlYXo0ajkKaXVqb2tNVkpaUmZLTmJ3aXVGVWtCTE9ZZU82d29zdTNzVnBUdjRndUJva3ozbHZqNHU4N0tLNWJlUUVZVExaNwppR0U4dEd0bEVGcThtNG5BRnI1REFwNG5iWXhUQ3luT3F3MFduSHhaTlNUR2Q2QjcrLzRJRGRmbmxHaXlEUkQ4CnFHVVAxWnJIOERvTHdzUXdEYTB5TTBnaE14c2JHdEYwTE96K0FxcmVFWU5kQWdNQkFBR2pJekFoTUE0R0ExVWQKRHdFQi93UUVBd0lDQkRBUEJnTlZIUk1CQWY4RUJUQURBUUgvTUEwR0NTcUdTSWIzRFFFQkN3VUFBNElCQVFBTwpwT3Ftc3BvN2ZqckRTRTRUUEJWMjIxOS9DSmttcGFSaDFEc0tNUU9tbGhIazdQa0hmUmRhT1k5UUlRZ2xiSnluCmo2MHJRMk1SckYwQkFrSTA2cjNlNjZhK1hoMVdDMFIyZmJZMEVxdno1ZXo5akh5Zk9LTThoMWhQcWdGZ0E0Z0UKN3NMLzhlSG1TV3NFWXlVaVNOQ2dzTGhncndKV3FqRm1CeVVac2Fkc1dyZXVJbHdqUDd1WWZ1UjlIQTMyQVBFRgphS2NaaXVTOVh3aDZSN2U1cXJ0OHpjaU9DVEVnbGpvVHBJcDdnMEpmUzZGWTBmMXhZRm43UTllRGpzK1lxWDY0CnBteWRUVWFKVnplQit6SWp2ZTQyUmpPWkJURkxiVjVjTlRoS3p5UXhubzFPKzN5eDZEWVNJMHROMEJLZUUyQU0KN0hFSEVVR1cwZE9laHNFcEF1Q3gKLS0tLS1FTkQgQ0VSVElGSUNBVEUtLS0tLQo=",
                "password": "",
                "username": ""
              }
            ],
            "master_authorized_networks_config": [],
            "master_version": "1.12.8-gke.10",
            "min_master_version": null,
            "monitoring_service": "monitoring.googleapis.com",
            "name": "secondgke",
            "network": "projects/psyched-bonito-231114/global/networks/dev-vpc",
            "network_policy": [
              {
                "enabled": false,
                "provider": "PROVIDER_UNSPECIFIED"
              }
            ],
            "node_config": [],
            "node_locations": [],
            "node_pool": [],
            "node_version": "1.12.8-gke.10",
            "pod_security_policy_config": [],
            "private_cluster_config": [],
            "project": "psyched-bonito-231114",
            "region": null,
            "remove_default_node_pool": true,
            "resource_labels": null,
            "resource_usage_export_config": [],
            "services_ipv4_cidr": "10.59.240.0/20",
            "subnetwork": "projects/psyched-bonito-231114/regions/europe-west1/subnetworks/dev-vpc-subnet2",
            "timeouts": null,
            "tpu_ipv4_cidr_block": "",
            "vertical_pod_autoscaling": [],
            "workload_identity_config": [],
            "zone": "europe-west1-b"
          },
          "private": "eyJlMmJmYjczMC1lY2FhLTExZTYtOGY4OC0zNDM2M2JjN2M0YzAiOnsiY3JlYXRlIjoxODAwMDAwMDAwMDAwLCJkZWxldGUiOjE4MDAwMDAwMDAwMDAsInVwZGF0ZSI6MzYwMDAwMDAwMDAwMH0sInNjaGVtYV92ZXJzaW9uIjoiMSJ9",
          "depends_on": [
            "google_project_service.kubernetes",
            "module.subnet",
            "module.vpc"
          ]
        }
      ]
    },
    {
      "mode": "managed",
      "type": "google_container_node_pool",
      "name": "kubernetes_preemptible_nodes",
      "provider": "provider.google",
      "instances": [
        {
          "schema_version": 1,
          "attributes": {
            "autoscaling": [
              {
                "max_node_count": 4,
                "min_node_count": 2
              }
            ],
            "cluster": "firstgke",
            "id": "europe-west1-b/firstgke/my-node-pool",
            "initial_node_count": 2,
            "instance_group_urls": [
              "https://www.googleapis.com/compute/v1/projects/psyched-bonito-231114/zones/europe-west1-b/instanceGroupManagers/gke-firstgke-my-node-pool-4aca51d9-grp"
            ],
            "location": "europe-west1-b",
            "management": [
              {
                "auto_repair": true,
                "auto_upgrade": true
              }
            ],
            "max_pods_per_node": null,
            "name": "my-node-pool",
            "name_prefix": "",
            "node_config": [
              {
                "disk_size_gb": 100,
                "disk_type": "pd-standard",
                "guest_accelerator": [],
                "image_type": "COS",
                "labels": null,
                "local_ssd_count": 0,
                "machine_type": "n1-standard-2",
                "metadata": {
                  "disable-legacy-endpoints": "true"
                },
                "min_cpu_platform": "",
                "oauth_scopes": [
                  "https://www.googleapis.com/auth/logging.write",
                  "https://www.googleapis.com/auth/monitoring"
                ],
                "preemptible": true,
                "service_account": "default",
                "tags": [
                  "firstcluster"
                ],
                "taint": [],
                "workload_metadata_config": []
              }
            ],
            "node_count": 2,
            "project": "psyched-bonito-231114",
            "region": null,
            "timeouts": null,
            "version": "1.12.8-gke.10",
            "zone": "europe-west1-b"
          },
          "private": "eyJlMmJmYjczMC1lY2FhLTExZTYtOGY4OC0zNDM2M2JjN2M0YzAiOnsiY3JlYXRlIjoxODAwMDAwMDAwMDAwLCJkZWxldGUiOjYwMDAwMDAwMDAwMCwidXBkYXRlIjo2MDAwMDAwMDAwMDB9LCJzY2hlbWFfdmVyc2lvbiI6IjEifQ==",
          "depends_on": [
            "google_container_cluster.primary"
          ]
        }
      ]
    },
    {
      "mode": "managed",
      "type": "google_container_node_pool",
      "name": "secondary_preemptible_nodes",
      "provider": "provider.google",
      "instances": [
        {
          "schema_version": 1,
          "attributes": {
            "autoscaling": [
              {
                "max_node_count": 4,
                "min_node_count": 2
              }
            ],
            "cluster": "secondgke",
            "id": "europe-west1-b/secondgke/my-second-node-pool",
            "initial_node_count": 2,
            "instance_group_urls": [
              "https://www.googleapis.com/compute/v1/projects/psyched-bonito-231114/zones/europe-west1-b/instanceGroupManagers/gke-secondgke-my-second-node-pool-b3b7b58c-grp"
            ],
            "location": "europe-west1-b",
            "management": [
              {
                "auto_repair": true,
                "auto_upgrade": true
              }
            ],
            "max_pods_per_node": null,
            "name": "my-second-node-pool",
            "name_prefix": "",
            "node_config": [
              {
                "disk_size_gb": 100,
                "disk_type": "pd-standard",
                "guest_accelerator": [],
                "image_type": "COS",
                "labels": null,
                "local_ssd_count": 0,
                "machine_type": "n1-standard-2",
                "metadata": {
                  "disable-legacy-endpoints": "true"
                },
                "min_cpu_platform": "",
                "oauth_scopes": [
                  "https://www.googleapis.com/auth/logging.write",
                  "https://www.googleapis.com/auth/monitoring"
                ],
                "preemptible": true,
                "service_account": "default",
                "tags": [
                  "secondcluster"
                ],
                "taint": [],
                "workload_metadata_config": []
              }
            ],
            "node_count": 2,
            "project": "psyched-bonito-231114",
            "region": null,
            "timeouts": null,
            "version": "1.12.8-gke.10",
            "zone": "europe-west1-b"
          },
          "private": "eyJlMmJmYjczMC1lY2FhLTExZTYtOGY4OC0zNDM2M2JjN2M0YzAiOnsiY3JlYXRlIjoxODAwMDAwMDAwMDAwLCJkZWxldGUiOjYwMDAwMDAwMDAwMCwidXBkYXRlIjo2MDAwMDAwMDAwMDB9LCJzY2hlbWFfdmVyc2lvbiI6IjEifQ==",
          "depends_on": [
            "google_container_cluster.secondary"
          ]
        }
      ]
    },
    {
      "mode": "managed",
      "type": "google_project_service",
      "name": "kubernetes",
      "provider": "provider.google",
      "instances": [
        {
          "schema_version": 0,
          "attributes": {
            "disable_dependent_services": null,
            "disable_on_destroy": true,
            "id": "psyched-bonito-231114/container.googleapis.com",
            "project": "psyched-bonito-231114",
            "service": "container.googleapis.com"
          },
          "private": "bnVsbA=="
        }
      ]
    }
  ]
}
