{
  "version": 4,
  "terraform_version": "0.12.2",
  "serial": 154,
  "lineage": "18a59758-c14a-1b0b-8072-57c0d0a7eba1",
  "outputs": {
    "endpoint1": {
      "value": "34.77.52.240",
      "type": "string"
    },
    "endpoint2": {
      "value": "35.233.7.216",
      "type": "string"
    }
  },
  "resources": [
    {
      "module": "module.vpc",
      "mode": "managed",
      "type": "google_compute_network",
      "name": "vpc",
      "provider": "provider.google",
      "instances": [
        {
          "schema_version": 0,
          "attributes": {
            "auto_create_subnetworks": false,
            "delete_default_routes_on_create": false,
            "description": "",
            "gateway_ipv4": "",
            "id": "dev-vpc",
            "ipv4_range": "",
            "name": "dev-vpc",
            "project": "psyched-bonito-231114",
            "routing_mode": "REGIONAL",
            "self_link": "https://www.googleapis.com/compute/v1/projects/psyched-bonito-231114/global/networks/dev-vpc",
            "timeouts": null
          }
        }
      ]
    }
  ]
}
